
Microsoft Visual Studio Solution File, Format Version 12.00
# Visual Studio Version 16
VisualStudioVersion = 16.0.31402.337
MinimumVisualStudioVersion = 10.0.40219.1
Project("{FAE04EC0-301F-11D3-BF4B-00C04F79EFBC}") = "Automatizador", "Automatizador\Automatizador.csproj", "{7C2B5A66-2D7D-4415-9261-8EB52E4DA043}"
EndProject
Project("{2150E333-8FDC-42A3-9474-1A3956D46DE8}") = "Solution Items", "Solution Items", "{4EF467F9-5122-48CC-A51E-131B212C8E21}"
	ProjectSection(SolutionItems) = preProject
		.editorconfig = .editorconfig
	EndProjectSection
EndProject
Global
	GlobalSection(SolutionConfigurationPlatforms) = preSolution
		Debug|Any CPU = Debug|Any CPU
		Release|Any CPU = Release|Any CPU
	EndGlobalSection
	GlobalSection(ProjectConfigurationPlatforms) = postSolution
		{7C2B5A66-2D7D-4415-9261-8EB52E4DA043}.Debug|Any CPU.ActiveCfg = Debug|Any CPU
		{7C2B5A66-2D7D-4415-9261-8EB52E4DA043}.Debug|Any CPU.Build.0 = Debug|Any CPU
		{7C2B5A66-2D7D-4415-9261-8EB52E4DA043}.Release|Any CPU.ActiveCfg = Release|Any CPU
		{7C2B5A66-2D7D-4415-9261-8EB52E4DA043}.Release|Any CPU.Build.0 = Release|Any CPU
	EndGlobalSection
	GlobalSection(SolutionProperties) = preSolution
		HideSolutionNode = FALSE
	EndGlobalSection
	GlobalSection(ExtensibilityGlobals) = postSolution
		SolutionGuid = {4F59A99D-528C-4D6E-A703-C2FF6F1C463E}
	EndGlobalSection
EndGlobal
